
Microsoft Visual Studio Solution File, Format Version 12.00
# Visual Studio Version 17
VisualStudioVersion = 17.8.34322.80
MinimumVisualStudioVersion = 10.0.40219.1
Project("{FAE04EC0-301F-11D3-BF4B-00C04F79EFBC}") = "AppointmentSystemQCode", "AppointmentSystemQCode\AppointmentSystemQCode.csproj", "{AC370277-8F8E-4B19-9E0B-007676473E7E}"
EndProject
Global
	GlobalSection(SolutionConfigurationPlatforms) = preSolution
		Debug|Any CPU = Debug|Any CPU
		Release|Any CPU = Release|Any CPU
	EndGlobalSection
	GlobalSection(ProjectConfigurationPlatforms) = postSolution
		{AC370277-8F8E-4B19-9E0B-007676473E7E}.Debug|Any CPU.ActiveCfg = Debug|Any CPU
		{AC370277-8F8E-4B19-9E0B-007676473E7E}.Debug|Any CPU.Build.0 = Debug|Any CPU
		{AC370277-8F8E-4B19-9E0B-007676473E7E}.Release|Any CPU.ActiveCfg = Release|Any CPU
		{AC370277-8F8E-4B19-9E0B-007676473E7E}.Release|Any CPU.Build.0 = Release|Any CPU
	EndGlobalSection
	GlobalSection(SolutionProperties) = preSolution
		HideSolutionNode = FALSE
	EndGlobalSection
	GlobalSection(ExtensibilityGlobals) = postSolution
		SolutionGuid = {289A4D59-E026-408C-9A9C-AE3459F884D0}
	EndGlobalSection
EndGlobal
